
Microsoft Visual Studio Solution File, Format Version 12.00
# Visual Studio Version 16
VisualStudioVersion = 16.0.30907.101
MinimumVisualStudioVersion = 10.0.40219.1
Project("{FAE04EC0-301F-11D3-BF4B-00C04F79EFBC}") = "SAS", "SAS\SAS.csproj", "{A11E3E43-B0CF-4562-8862-8E827DB4239A}"
EndProject
Global
	GlobalSection(SolutionConfigurationPlatforms) = preSolution
		Debug|Any CPU = Debug|Any CPU
		Release|Any CPU = Release|Any CPU
	EndGlobalSection
	GlobalSection(ProjectConfigurationPlatforms) = postSolution
		{A11E3E43-B0CF-4562-8862-8E827DB4239A}.Debug|Any CPU.ActiveCfg = Debug|Any CPU
		{A11E3E43-B0CF-4562-8862-8E827DB4239A}.Debug|Any CPU.Build.0 = Debug|Any CPU
		{A11E3E43-B0CF-4562-8862-8E827DB4239A}.Release|Any CPU.ActiveCfg = Release|Any CPU
		{A11E3E43-B0CF-4562-8862-8E827DB4239A}.Release|Any CPU.Build.0 = Release|Any CPU
	EndGlobalSection
	GlobalSection(SolutionProperties) = preSolution
		HideSolutionNode = FALSE
	EndGlobalSection
	GlobalSection(ExtensibilityGlobals) = postSolution
		SolutionGuid = {159E0050-767B-4584-9C82-7927BDF33F7E}
	EndGlobalSection
EndGlobal
